
Microsoft Visual Studio Solution File, Format Version 12.00
# Visual Studio 15
VisualStudioVersion = 15.0.27130.2024
MinimumVisualStudioVersion = 10.0.40219.1
Project("{FAE04EC0-301F-11D3-BF4B-00C04F79EFBC}") = "SQLADO", "ConsoleApp4\SQLADO.csproj", "{800D221F-AC5C-452E-AFCE-0AB2498F48F4}"
EndProject
Global
	GlobalSection(SolutionConfigurationPlatforms) = preSolution
		Debug|Any CPU = Debug|Any CPU
		Release|Any CPU = Release|Any CPU
	EndGlobalSection
	GlobalSection(ProjectConfigurationPlatforms) = postSolution
		{800D221F-AC5C-452E-AFCE-0AB2498F48F4}.Debug|Any CPU.ActiveCfg = Debug|Any CPU
		{800D221F-AC5C-452E-AFCE-0AB2498F48F4}.Debug|Any CPU.Build.0 = Debug|Any CPU
		{800D221F-AC5C-452E-AFCE-0AB2498F48F4}.Release|Any CPU.ActiveCfg = Release|Any CPU
		{800D221F-AC5C-452E-AFCE-0AB2498F48F4}.Release|Any CPU.Build.0 = Release|Any CPU
	EndGlobalSection
	GlobalSection(SolutionProperties) = preSolution
		HideSolutionNode = FALSE
	EndGlobalSection
	GlobalSection(ExtensibilityGlobals) = postSolution
		SolutionGuid = {454A8F90-EC43-4251-8B48-3BD245CB7D36}
	EndGlobalSection
EndGlobal
